// !$*UTF8*$!
{
	archiveVersion = 1;
	classes = {
	};
	objectVersion = 56;
	objects = {

/* Begin PBXBuildFile section */
		9BB8FBAF2B1A5D45008E423C /* pruebaRamas1App.swift in Sources */ = {isa = PBXBuildFile; fileRef = 9BB8FBAE2B1A5D45008E423C /* pruebaRamas1App.swift */; };
		9BB8FBB12B1A5D45008E423C /* ContentView.swift in Sources */ = {isa = PBXBuildFile; fileRef = 9BB8FBB02B1A5D45008E423C /* ContentView.swift */; };
		9BB8FBB32B1A5D47008E423C /* Assets.xcassets in Resources */ = {isa = PBXBuildFile; fileRef = 9BB8FBB22B1A5D47008E423C /* Assets.xcassets */; };
		9BB8FBB62B1A5D47008E423C /* Preview Assets.xcassets in Resources */ = {isa = PBXBuildFile; fileRef = 9BB8FBB52B1A5D47008E423C /* Preview Assets.xcassets */; };
		9BB8FBC02B1A5D47008E423C /* pruebaRamas1Tests.swift in Sources */ = {isa = PBXBuildFile; fileRef = 9BB8FBBF2B1A5D47008E423C /* pruebaRamas1Tests.swift */; };
		9BB8FBCA2B1A5D47008E423C /* pruebaRamas1UITests.swift in Sources */ = {isa = PBXBuildFile; fileRef = 9BB8FBC92B1A5D47008E423C /* pruebaRamas1UITests.swift */; };
		9BB8FBCC2B1A5D47008E423C /* pruebaRamas1UITestsLaunchTests.swift in Sources */ = {isa = PBXBuildFile; fileRef = 9BB8FBCB2B1A5D47008E423C /* pruebaRamas1UITestsLaunchTests.swift */; };
/* End PBXBuildFile section */

/* Begin PBXContainerItemProxy section */
		9BB8FBBC2B1A5D47008E423C /* PBXContainerItemProxy */ = {
			isa = PBXContainerItemProxy;
			containerPortal = 9BB8FBA32B1A5D45008E423C /* Project object */;
			proxyType = 1;
			remoteGlobalIDString = 9BB8FBAA2B1A5D45008E423C;
			remoteInfo = pruebaRamas1;
		};
		9BB8FBC62B1A5D47008E423C /* PBXContainerItemProxy */ = {
			isa = PBXContainerItemProxy;
			containerPortal = 9BB8FBA32B1A5D45008E423C /* Project object */;
			proxyType = 1;
			remoteGlobalIDString = 9BB8FBAA2B1A5D45008E423C;
			remoteInfo = pruebaRamas1;
		};
/* End PBXContainerItemProxy section */

/* Begin PBXFileReference section */
		9BB8FBAB2B1A5D45008E423C /* pruebaRamas1.app */ = {isa = PBXFileReference; explicitFileType = wrapper.application; includeInIndex = 0; path = pruebaRamas1.app; sourceTree = BUILT_PRODUCTS_DIR; };
		9BB8FBAE2B1A5D45008E423C /* pruebaRamas1App.swift */ = {isa = PBXFileReference; lastKnownFileType = sourcecode.swift; path = pruebaRamas1App.swift; sourceTree = "<group>"; };
		9BB8FBB02B1A5D45008E423C /* ContentView.swift */ = {isa = PBXFileReference; lastKnownFileType = sourcecode.swift; path = ContentView.swift; sourceTree = "<group>"; };
		9BB8FBB22B1A5D47008E423C /* Assets.xcassets */ = {isa = PBXFileReference; lastKnownFileType = folder.assetcatalog; path = Assets.xcassets; sourceTree = "<group>"; };
		9BB8FBB52B1A5D47008E423C /* Preview Assets.xcassets */ = {isa = PBXFileReference; lastKnownFileType = folder.assetcatalog; path = "Preview Assets.xcassets"; sourceTree = "<group>"; };
		9BB8FBBB2B1A5D47008E423C /* pruebaRamas1Tests.xctest */ = {isa = PBXFileReference; explicitFileType = wrapper.cfbundle; includeInIndex = 0; path = pruebaRamas1Tests.xctest; sourceTree = BUILT_PRODUCTS_DIR; };
		9BB8FBBF2B1A5D47008E423C /* pruebaRamas1Tests.swift */ = {isa = PBXFileReference; lastKnownFileType = sourcecode.swift; path = pruebaRamas1Tests.swift; sourceTree = "<group>"; };
		9BB8FBC52B1A5D47008E423C /* pruebaRamas1UITests.xctest */ = {isa = PBXFileReference; explicitFileType = wrapper.cfbundle; includeInIndex = 0; path = pruebaRamas1UITests.xctest; sourceTree = BUILT_PRODUCTS_DIR; };
		9BB8FBC92B1A5D47008E423C /* pruebaRamas1UITests.swift */ = {isa = PBXFileReference; lastKnownFileType = sourcecode.swift; path = pruebaRamas1UITests.swift; sourceTree = "<group>"; };
		9BB8FBCB2B1A5D47008E423C /* pruebaRamas1UITestsLaunchTests.swift */ = {isa = PBXFileReference; lastKnownFileType = sourcecode.swift; path = pruebaRamas1UITestsLaunchTests.swift; sourceTree = "<group>"; };
/* End PBXFileReference section */

/* Begin PBXFrameworksBuildPhase section */
		9BB8FBA82B1A5D45008E423C /* Frameworks */ = {
			isa = PBXFrameworksBuildPhase;
			buildActionMask = 2147483647;
			files = (
			);
			runOnlyForDeploymentPostprocessing = 0;
		};
		9BB8FBB82B1A5D47008E423C /* Frameworks */ = {
			isa = PBXFrameworksBuildPhase;
			buildActionMask = 2147483647;
			files = (
			);
			runOnlyForDeploymentPostprocessing = 0;
		};
		9BB8FBC22B1A5D47008E423C /* Frameworks */ = {
			isa = PBXFrameworksBuildPhase;
			buildActionMask = 2147483647;
			files = (
			);
			runOnlyForDeploymentPostprocessing = 0;
		};
/* End PBXFrameworksBuildPhase section */

/* Begin PBXGroup section */
		9BB8FBA22B1A5D45008E423C = {
			isa = PBXGroup;
			children = (
				9BB8FBAD2B1A5D45008E423C /* pruebaRamas1 */,
				9BB8FBBE2B1A5D47008E423C /* pruebaRamas1Tests */,
				9BB8FBC82B1A5D47008E423C /* pruebaRamas1UITests */,
				9BB8FBAC2B1A5D45008E423C /* Products */,
			);
			sourceTree = "<group>";
		};
		9BB8FBAC2B1A5D45008E423C /* Products */ = {
			isa = PBXGroup;
			children = (
				9BB8FBAB2B1A5D45008E423C /* pruebaRamas1.app */,
				9BB8FBBB2B1A5D47008E423C /* pruebaRamas1Tests.xctest */,
				9BB8FBC52B1A5D47008E423C /* pruebaRamas1UITests.xctest */,
			);
			name = Products;
			sourceTree = "<group>";
		};
		9BB8FBAD2B1A5D45008E423C /* pruebaRamas1 */ = {
			isa = PBXGroup;
			children = (
				9BB8FBAE2B1A5D45008E423C /* pruebaRamas1App.swift */,
				9BB8FBB02B1A5D45008E423C /* ContentView.swift */,
				9BB8FBB22B1A5D47008E423C /* Assets.xcassets */,
				9BB8FBB42B1A5D47008E423C /* Preview Content */,
			);
			path = pruebaRamas1;
			sourceTree = "<group>";
		};
		9BB8FBB42B1A5D47008E423C /* Preview Content */ = {
			isa = PBXGroup;
			children = (
				9BB8FBB52B1A5D47008E423C /* Preview Assets.xcassets */,
			);
			path = "Preview Content";
			sourceTree = "<group>";
		};
		9BB8FBBE2B1A5D47008E423C /* pruebaRamas1Tests */ = {
			isa = PBXGroup;
			children = (
				9BB8FBBF2B1A5D47008E423C /* pruebaRamas1Tests.swift */,
			);
			path = pruebaRamas1Tests;
			sourceTree = "<group>";
		};
		9BB8FBC82B1A5D47008E423C /* pruebaRamas1UITests */ = {
			isa = PBXGroup;
			children = (
				9BB8FBC92B1A5D47008E423C /* pruebaRamas1UITests.swift */,
				9BB8FBCB2B1A5D47008E423C /* pruebaRamas1UITestsLaunchTests.swift */,
			);
			path = pruebaRamas1UITests;
			sourceTree = "<group>";
		};
/* End PBXGroup section */

/* Begin PBXNativeTarget section */
		9BB8FBAA2B1A5D45008E423C /* pruebaRamas1 */ = {
			isa = PBXNativeTarget;
			buildConfigurationList = 9BB8FBCF2B1A5D47008E423C /* Build configuration list for PBXNativeTarget "pruebaRamas1" */;
			buildPhases = (
				9BB8FBA72B1A5D45008E423C /* Sources */,
				9BB8FBA82B1A5D45008E423C /* Frameworks */,
				9BB8FBA92B1A5D45008E423C /* Resources */,
			);
			buildRules = (
			);
			dependencies = (
			);
			name = pruebaRamas1;
			productName = pruebaRamas1;
			productReference = 9BB8FBAB2B1A5D45008E423C /* pruebaRamas1.app */;
			productType = "com.apple.product-type.application";
		};
		9BB8FBBA2B1A5D47008E423C /* pruebaRamas1Tests */ = {
			isa = PBXNativeTarget;
			buildConfigurationList = 9BB8FBD22B1A5D47008E423C /* Build configuration list for PBXNativeTarget "pruebaRamas1Tests" */;
			buildPhases = (
				9BB8FBB72B1A5D47008E423C /* Sources */,
				9BB8FBB82B1A5D47008E423C /* Frameworks */,
				9BB8FBB92B1A5D47008E423C /* Resources */,
			);
			buildRules = (
			);
			dependencies = (
				9BB8FBBD2B1A5D47008E423C /* PBXTargetDependency */,
			);
			name = pruebaRamas1Tests;
			productName = pruebaRamas1Tests;
			productReference = 9BB8FBBB2B1A5D47008E423C /* pruebaRamas1Tests.xctest */;
			productType = "com.apple.product-type.bundle.unit-test";
		};
		9BB8FBC42B1A5D47008E423C /* pruebaRamas1UITests */ = {
			isa = PBXNativeTarget;
			buildConfigurationList = 9BB8FBD52B1A5D47008E423C /* Build configuration list for PBXNativeTarget "pruebaRamas1UITests" */;
			buildPhases = (
				9BB8FBC12B1A5D47008E423C /* Sources */,
				9BB8FBC22B1A5D47008E423C /* Frameworks */,
				9BB8FBC32B1A5D47008E423C /* Resources */,
			);
			buildRules = (
			);
			dependencies = (
				9BB8FBC72B1A5D47008E423C /* PBXTargetDependency */,
			);
			name = pruebaRamas1UITests;
			productName = pruebaRamas1UITests;
			productReference = 9BB8FBC52B1A5D47008E423C /* pruebaRamas1UITests.xctest */;
			productType = "com.apple.product-type.bundle.ui-testing";
		};
/* End PBXNativeTarget section */

/* Begin PBXProject section */
		9BB8FBA32B1A5D45008E423C /* Project object */ = {
			isa = PBXProject;
			attributes = {
				BuildIndependentTargetsInParallel = 1;
				LastSwiftUpdateCheck = 1500;
				LastUpgradeCheck = 1500;
				TargetAttributes = {
					9BB8FBAA2B1A5D45008E423C = {
						CreatedOnToolsVersion = 15.0.1;
					};
					9BB8FBBA2B1A5D47008E423C = {
						CreatedOnToolsVersion = 15.0.1;
						TestTargetID = 9BB8FBAA2B1A5D45008E423C;
					};
					9BB8FBC42B1A5D47008E423C = {
						CreatedOnToolsVersion = 15.0.1;
						TestTargetID = 9BB8FBAA2B1A5D45008E423C;
					};
				};
			};
			buildConfigurationList = 9BB8FBA62B1A5D45008E423C /* Build configuration list for PBXProject "pruebaRamas1" */;
			compatibilityVersion = "Xcode 14.0";
			developmentRegion = en;
			hasScannedForEncodings = 0;
			knownRegions = (
				en,
				Base,
			);
			mainGroup = 9BB8FBA22B1A5D45008E423C;
			productRefGroup = 9BB8FBAC2B1A5D45008E423C /* Products */;
			projectDirPath = "";
			projectRoot = "";
			targets = (
				9BB8FBAA2B1A5D45008E423C /* pruebaRamas1 */,
				9BB8FBBA2B1A5D47008E423C /* pruebaRamas1Tests */,
				9BB8FBC42B1A5D47008E423C /* pruebaRamas1UITests */,
			);
		};
/* End PBXProject section */

/* Begin PBXResourcesBuildPhase section */
		9BB8FBA92B1A5D45008E423C /* Resources */ = {
			isa = PBXResourcesBuildPhase;
			buildActionMask = 2147483647;
			files = (
				9BB8FBB62B1A5D47008E423C /* Preview Assets.xcassets in Resources */,
				9BB8FBB32B1A5D47008E423C /* Assets.xcassets in Resources */,
			);
			runOnlyForDeploymentPostprocessing = 0;
		};
		9BB8FBB92B1A5D47008E423C /* Resources */ = {
			isa = PBXResourcesBuildPhase;
			buildActionMask = 2147483647;
			files = (
			);
			runOnlyForDeploymentPostprocessing = 0;
		};
		9BB8FBC32B1A5D47008E423C /* Resources */ = {
			isa = PBXResourcesBuildPhase;
			buildActionMask = 2147483647;
			files = (
			);
			runOnlyForDeploymentPostprocessing = 0;
		};
/* End PBXResourcesBuildPhase section */

/* Begin PBXSourcesBuildPhase section */
		9BB8FBA72B1A5D45008E423C /* Sources */ = {
			isa = PBXSourcesBuildPhase;
			buildActionMask = 2147483647;
			files = (
				9BB8FBB12B1A5D45008E423C /* ContentView.swift in Sources */,
				9BB8FBAF2B1A5D45008E423C /* pruebaRamas1App.swift in Sources */,
			);
			runOnlyForDeploymentPostprocessing = 0;
		};
		9BB8FBB72B1A5D47008E423C /* Sources */ = {
			isa = PBXSourcesBuildPhase;
			buildActionMask = 2147483647;
			files = (
				9BB8FBC02B1A5D47008E423C /* pruebaRamas1Tests.swift in Sources */,
			);
			runOnlyForDeploymentPostprocessing = 0;
		};
		9BB8FBC12B1A5D47008E423C /* Sources */ = {
			isa = PBXSourcesBuildPhase;
			buildActionMask = 2147483647;
			files = (
				9BB8FBCC2B1A5D47008E423C /* pruebaRamas1UITestsLaunchTests.swift in Sources */,
				9BB8FBCA2B1A5D47008E423C /* pruebaRamas1UITests.swift in Sources */,
			);
			runOnlyForDeploymentPostprocessing = 0;
		};
/* End PBXSourcesBuildPhase section */

/* Begin PBXTargetDependency section */
		9BB8FBBD2B1A5D47008E423C /* PBXTargetDependency */ = {
			isa = PBXTargetDependency;
			target = 9BB8FBAA2B1A5D45008E423C /* pruebaRamas1 */;
			targetProxy = 9BB8FBBC2B1A5D47008E423C /* PBXContainerItemProxy */;
		};
		9BB8FBC72B1A5D47008E423C /* PBXTargetDependency */ = {
			isa = PBXTargetDependency;
			target = 9BB8FBAA2B1A5D45008E423C /* pruebaRamas1 */;
			targetProxy = 9BB8FBC62B1A5D47008E423C /* PBXContainerItemProxy */;
		};
/* End PBXTargetDependency section */

/* Begin XCBuildConfiguration section */
		9BB8FBCD2B1A5D47008E423C /* Debug */ = {
			isa = XCBuildConfiguration;
			buildSettings = {
				ALWAYS_SEARCH_USER_PATHS = NO;
				ASSETCATALOG_COMPILER_GENERATE_SWIFT_ASSET_SYMBOL_EXTENSIONS = YES;
				CLANG_ANALYZER_NONNULL = YES;
				CLANG_ANALYZER_NUMBER_OBJECT_CONVERSION = YES_AGGRESSIVE;
				CLANG_CXX_LANGUAGE_STANDARD = "gnu++20";
				CLANG_ENABLE_MODULES = YES;
				CLANG_ENABLE_OBJC_ARC = YES;
				CLANG_ENABLE_OBJC_WEAK = YES;
				CLANG_WARN_BLOCK_CAPTURE_AUTORELEASING = YES;
				CLANG_WARN_BOOL_CONVERSION = YES;
				CLANG_WARN_COMMA = YES;
				CLANG_WARN_CONSTANT_CONVERSION = YES;
				CLANG_WARN_DEPRECATED_OBJC_IMPLEMENTATIONS = YES;
				CLANG_WARN_DIRECT_OBJC_ISA_USAGE = YES_ERROR;
				CLANG_WARN_DOCUMENTATION_COMMENTS = YES;
				CLANG_WARN_EMPTY_BODY = YES;
				CLANG_WARN_ENUM_CONVERSION = YES;
				CLANG_WARN_INFINITE_RECURSION = YES;
				CLANG_WARN_INT_CONVERSION = YES;
				CLANG_WARN_NON_LITERAL_NULL_CONVERSION = YES;
				CLANG_WARN_OBJC_IMPLICIT_RETAIN_SELF = YES;
				CLANG_WARN_OBJC_LITERAL_CONVERSION = YES;
				CLANG_WARN_OBJC_ROOT_CLASS = YES_ERROR;
				CLANG_WARN_QUOTED_INCLUDE_IN_FRAMEWORK_HEADER = YES;
				CLANG_WARN_RANGE_LOOP_ANALYSIS = YES;
				CLANG_WARN_STRICT_PROTOTYPES = YES;
				CLANG_WARN_SUSPICIOUS_MOVE = YES;
				CLANG_WARN_UNGUARDED_AVAILABILITY = YES_AGGRESSIVE;
				CLANG_WARN_UNREACHABLE_CODE = YES;
				CLANG_WARN__DUPLICATE_METHOD_MATCH = YES;
				COPY_PHASE_STRIP = NO;
				DEBUG_INFORMATION_FORMAT = dwarf;
				ENABLE_STRICT_OBJC_MSGSEND = YES;
				ENABLE_TESTABILITY = YES;
				ENABLE_USER_SCRIPT_SANDBOXING = YES;
				GCC_C_LANGUAGE_STANDARD = gnu17;
				GCC_DYNAMIC_NO_PIC = NO;
				GCC_NO_COMMON_BLOCKS = YES;
				GCC_OPTIMIZATION_LEVEL = 0;
				GCC_PREPROCESSOR_DEFINITIONS = (
					"DEBUG=1",
					"$(inherited)",
				);
				GCC_WARN_64_TO_32_BIT_CONVERSION = YES;
				GCC_WARN_ABOUT_RETURN_TYPE = YES_ERROR;
				GCC_WARN_UNDECLARED_SELECTOR = YES;
				GCC_WARN_UNINITIALIZED_AUTOS = YES_AGGRESSIVE;
				GCC_WARN_UNUSED_FUNCTION = YES;
				GCC_WARN_UNUSED_VARIABLE = YES;
				IPHONEOS_DEPLOYMENT_TARGET = 17.0;
				LOCALIZATION_PREFERS_STRING_CATALOGS = YES;
				MTL_ENABLE_DEBUG_INFO = INCLUDE_SOURCE;
				MTL_FAST_MATH = YES;
				ONLY_ACTIVE_ARCH = YES;
				SDKROOT = iphoneos;
				SWIFT_ACTIVE_COMPILATION_CONDITIONS = "DEBUG $(inherited)";
				SWIFT_OPTIMIZATION_LEVEL = "-Onone";
			};
			name = Debug;
		};
		9BB8FBCE2B1A5D47008E423C /* Release */ = {
			isa = XCBuildConfiguration;
			buildSettings = {
				ALWAYS_SEARCH_USER_PATHS = NO;
				ASSETCATALOG_COMPILER_GENERATE_SWIFT_ASSET_SYMBOL_EXTENSIONS = YES;
				CLANG_ANALYZER_NONNULL = YES;
				CLANG_ANALYZER_NUMBER_OBJECT_CONVERSION = YES_AGGRESSIVE;
				CLANG_CXX_LANGUAGE_STANDARD = "gnu++20";
				CLANG_ENABLE_MODULES = YES;
				CLANG_ENABLE_OBJC_ARC = YES;
				CLANG_ENABLE_OBJC_WEAK = YES;
				CLANG_WARN_BLOCK_CAPTURE_AUTORELEASING = YES;
				CLANG_WARN_BOOL_CONVERSION = YES;
				CLANG_WARN_COMMA = YES;
				CLANG_WARN_CONSTANT_CONVERSION = YES;
				CLANG_WARN_DEPRECATED_OBJC_IMPLEMENTATIONS = YES;
				CLANG_WARN_DIRECT_OBJC_ISA_USAGE = YES_ERROR;
				CLANG_WARN_DOCUMENTATION_COMMENTS = YES;
				CLANG_WARN_EMPTY_BODY = YES;
				CLANG_WARN_ENUM_CONVERSION = YES;
				CLANG_WARN_INFINITE_RECURSION = YES;
				CLANG_WARN_INT_CONVERSION = YES;
				CLANG_WARN_NON_LITERAL_NULL_CONVERSION = YES;
				CLANG_WARN_OBJC_IMPLICIT_RETAIN_SELF = YES;
				CLANG_WARN_OBJC_LITERAL_CONVERSION = YES;
				CLANG_WARN_OBJC_ROOT_CLASS = YES_ERROR;
				CLANG_WARN_QUOTED_INCLUDE_IN_FRAMEWORK_HEADER = YES;
				CLANG_WARN_RANGE_LOOP_ANALYSIS = YES;
				CLANG_WARN_STRICT_PROTOTYPES = YES;
				CLANG_WARN_SUSPICIOUS_MOVE = YES;
				CLANG_WARN_UNGUARDED_AVAILABILITY = YES_AGGRESSIVE;
				CLANG_WARN_UNREACHABLE_CODE = YES;
				CLANG_WARN__DUPLICATE_METHOD_MATCH = YES;
				COPY_PHASE_STRIP = NO;
				DEBUG_INFORMATION_FORMAT = "dwarf-with-dsym";
				ENABLE_NS_ASSERTIONS = NO;
				ENABLE_STRICT_OBJC_MSGSEND = YES;
				ENABLE_USER_SCRIPT_SANDBOXING = YES;
				GCC_C_LANGUAGE_STANDARD = gnu17;
				GCC_NO_COMMON_BLOCKS = YES;
				GCC_WARN_64_TO_32_BIT_CONVERSION = YES;
				GCC_WARN_ABOUT_RETURN_TYPE = YES_ERROR;
				GCC_WARN_UNDECLARED_SELECTOR = YES;
				GCC_WARN_UNINITIALIZED_AUTOS = YES_AGGRESSIVE;
				GCC_WARN_UNUSED_FUNCTION = YES;
				GCC_WARN_UNUSED_VARIABLE = YES;
				IPHONEOS_DEPLOYMENT_TARGET = 17.0;
				LOCALIZATION_PREFERS_STRING_CATALOGS = YES;
				MTL_ENABLE_DEBUG_INFO = NO;
				MTL_FAST_MATH = YES;
				SDKROOT = iphoneos;
				SWIFT_COMPILATION_MODE = wholemodule;
				VALIDATE_PRODUCT = YES;
			};
			name = Release;
		};
		9BB8FBD02B1A5D47008E423C /* Debug */ = {
			isa = XCBuildConfiguration;
			buildSettings = {
				ASSETCATALOG_COMPILER_APPICON_NAME = AppIcon;
				ASSETCATALOG_COMPILER_GLOBAL_ACCENT_COLOR_NAME = AccentColor;
				CODE_SIGN_STYLE = Automatic;
				CURRENT_PROJECT_VERSION = 1;
				DEVELOPMENT_ASSET_PATHS = "\"pruebaRamas1/Preview Content\"";
				ENABLE_PREVIEWS = YES;
				GENERATE_INFOPLIST_FILE = YES;
				INFOPLIST_KEY_UIApplicationSceneManifest_Generation = YES;
				INFOPLIST_KEY_UIApplicationSupportsIndirectInputEvents = YES;
				INFOPLIST_KEY_UILaunchScreen_Generation = YES;
				INFOPLIST_KEY_UISupportedInterfaceOrientations_iPad = "UIInterfaceOrientationPortrait UIInterfaceOrientationPortraitUpsideDown UIInterfaceOrientationLandscapeLeft UIInterfaceOrientationLandscapeRight";
				INFOPLIST_KEY_UISupportedInterfaceOrientations_iPhone = "UIInterfaceOrientationPortrait UIInterfaceOrientationLandscapeLeft UIInterfaceOrientationLandscapeRight";
				LD_RUNPATH_SEARCH_PATHS = (
					"$(inherited)",
					"@executable_path/Frameworks",
				);
				MARKETING_VERSION = 1.0;
				PRODUCT_BUNDLE_IDENTIFIER = asdasda.pruebaRamas1;
				PRODUCT_NAME = "$(TARGET_NAME)";
				SWIFT_EMIT_LOC_STRINGS = YES;
				SWIFT_VERSION = 5.0;
				TARGETED_DEVICE_FAMILY = "1,2";
			};
			name = Debug;
		};
		9BB8FBD12B1A5D47008E423C /* Release */ = {
			isa = XCBuildConfiguration;
			buildSettings = {
				ASSETCATALOG_COMPILER_APPICON_NAME = AppIcon;
				ASSETCATALOG_COMPILER_GLOBAL_ACCENT_COLOR_NAME = AccentColor;
				CODE_SIGN_STYLE = Automatic;
				CURRENT_PROJECT_VERSION = 1;
				DEVELOPMENT_ASSET_PATHS = "\"pruebaRamas1/Preview Content\"";
				ENABLE_PREVIEWS = YES;
				GENERATE_INFOPLIST_FILE = YES;
				INFOPLIST_KEY_UIApplicationSceneManifest_Generation = YES;
				INFOPLIST_KEY_UIApplicationSupportsIndirectInputEvents = YES;
				INFOPLIST_KEY_UILaunchScreen_Generation = YES;
				INFOPLIST_KEY_UISupportedInterfaceOrientations_iPad = "UIInterfaceOrientationPortrait UIInterfaceOrientationPortraitUpsideDown UIInterfaceOrientationLandscapeLeft UIInterfaceOrientationLandscapeRight";
				INFOPLIST_KEY_UISupportedInterfaceOrientations_iPhone = "UIInterfaceOrientationPortrait UIInterfaceOrientationLandscapeLeft UIInterfaceOrientationLandscapeRight";
				LD_RUNPATH_SEARCH_PATHS = (
					"$(inherited)",
					"@executable_path/Frameworks",
				);
				MARKETING_VERSION = 1.0;
				PRODUCT_BUNDLE_IDENTIFIER = asdasda.pruebaRamas1;
				PRODUCT_NAME = "$(TARGET_NAME)";
				SWIFT_EMIT_LOC_STRINGS = YES;
				SWIFT_VERSION = 5.0;
				TARGETED_DEVICE_FAMILY = "1,2";
			};
			name = Release;
		};
		9BB8FBD32B1A5D47008E423C /* Debug */ = {
			isa = XCBuildConfiguration;
			buildSettings = {
				ALWAYS_EMBED_SWIFT_STANDARD_LIBRARIES = YES;
				BUNDLE_LOADER = "$(TEST_HOST)";
				CODE_SIGN_STYLE = Automatic;
				CURRENT_PROJECT_VERSION = 1;
				GENERATE_INFOPLIST_FILE = YES;
				IPHONEOS_DEPLOYMENT_TARGET = 17.0;
				MARKETING_VERSION = 1.0;
				PRODUCT_BUNDLE_IDENTIFIER = asdasda.pruebaRamas1Tests;
				PRODUCT_NAME = "$(TARGET_NAME)";
				SWIFT_EMIT_LOC_STRINGS = NO;
				SWIFT_VERSION = 5.0;
				TARGETED_DEVICE_FAMILY = "1,2";
				TEST_HOST = "$(BUILT_PRODUCTS_DIR)/pruebaRamas1.app/$(BUNDLE_EXECUTABLE_FOLDER_PATH)/pruebaRamas1";
			};
			name = Debug;
		};
		9BB8FBD42B1A5D47008E423C /* Release */ = {
			isa = XCBuildConfiguration;
			buildSettings = {
				ALWAYS_EMBED_SWIFT_STANDARD_LIBRARIES = YES;
				BUNDLE_LOADER = "$(TEST_HOST)";
				CODE_SIGN_STYLE = Automatic;
				CURRENT_PROJECT_VERSION = 1;
				GENERATE_INFOPLIST_FILE = YES;
				IPHONEOS_DEPLOYMENT_TARGET = 17.0;
				MARKETING_VERSION = 1.0;
				PRODUCT_BUNDLE_IDENTIFIER = asdasda.pruebaRamas1Tests;
				PRODUCT_NAME = "$(TARGET_NAME)";
				SWIFT_EMIT_LOC_STRINGS = NO;
				SWIFT_VERSION = 5.0;
				TARGETED_DEVICE_FAMILY = "1,2";
				TEST_HOST = "$(BUILT_PRODUCTS_DIR)/pruebaRamas1.app/$(BUNDLE_EXECUTABLE_FOLDER_PATH)/pruebaRamas1";
			};
			name = Release;
		};
		9BB8FBD62B1A5D47008E423C /* Debug */ = {
			isa = XCBuildConfiguration;
			buildSettings = {
				ALWAYS_EMBED_SWIFT_STANDARD_LIBRARIES = YES;
				CODE_SIGN_STYLE = Automatic;
				CURRENT_PROJECT_VERSION = 1;
				GENERATE_INFOPLIST_FILE = YES;
				MARKETING_VERSION = 1.0;
				PRODUCT_BUNDLE_IDENTIFIER = asdasda.pruebaRamas1UITests;
				PRODUCT_NAME = "$(TARGET_NAME)";
				SWIFT_EMIT_LOC_STRINGS = NO;
				SWIFT_VERSION = 5.0;
				TARGETED_DEVICE_FAMILY = "1,2";
				TEST_TARGET_NAME = pruebaRamas1;
			};
			name = Debug;
		};
		9BB8FBD72B1A5D47008E423C /* Release */ = {
			isa = XCBuildConfiguration;
			buildSettings = {
				ALWAYS_EMBED_SWIFT_STANDARD_LIBRARIES = YES;
				CODE_SIGN_STYLE = Automatic;
				CURRENT_PROJECT_VERSION = 1;
				GENERATE_INFOPLIST_FILE = YES;
				MARKETING_VERSION = 1.0;
				PRODUCT_BUNDLE_IDENTIFIER = asdasda.pruebaRamas1UITests;
				PRODUCT_NAME = "$(TARGET_NAME)";
				SWIFT_EMIT_LOC_STRINGS = NO;
				SWIFT_VERSION = 5.0;
				TARGETED_DEVICE_FAMILY = "1,2";
				TEST_TARGET_NAME = pruebaRamas1;
			};
			name = Release;
		};
/* End XCBuildConfiguration section */

/* Begin XCConfigurationList section */
		9BB8FBA62B1A5D45008E423C /* Build configuration list for PBXProject "pruebaRamas1" */ = {
			isa = XCConfigurationList;
			buildConfigurations = (
				9BB8FBCD2B1A5D47008E423C /* Debug */,
				9BB8FBCE2B1A5D47008E423C /* Release */,
			);
			defaultConfigurationIsVisible = 0;
			defaultConfigurationName = Release;
		};
		9BB8FBCF2B1A5D47008E423C /* Build configuration list for PBXNativeTarget "pruebaRamas1" */ = {
			isa = XCConfigurationList;
			buildConfigurations = (
				9BB8FBD02B1A5D47008E423C /* Debug */,
				9BB8FBD12B1A5D47008E423C /* Release */,
			);
			defaultConfigurationIsVisible = 0;
			defaultConfigurationName = Release;
		};
		9BB8FBD22B1A5D47008E423C /* Build configuration list for PBXNativeTarget "pruebaRamas1Tests" */ = {
			isa = XCConfigurationList;
			buildConfigurations = (
				9BB8FBD32B1A5D47008E423C /* Debug */,
				9BB8FBD42B1A5D47008E423C /* Release */,
			);
			defaultConfigurationIsVisible = 0;
			defaultConfigurationName = Release;
		};
		9BB8FBD52B1A5D47008E423C /* Build configuration list for PBXNativeTarget "pruebaRamas1UITests" */ = {
			isa = XCConfigurationList;
			buildConfigurations = (
				9BB8FBD62B1A5D47008E423C /* Debug */,
				9BB8FBD72B1A5D47008E423C /* Release */,
			);
			defaultConfigurationIsVisible = 0;
			defaultConfigurationName = Release;
		};
/* End XCConfigurationList section */
	};
	rootObject = 9BB8FBA32B1A5D45008E423C /* Project object */;
}
